# Version H1 (H + SPSA-tuned constants): replace the matching keys of the "engine:" block in lichess-bot/config.yml with these.
# Change the two folder paths to wherever you put this folder (forward slashes, keep the trailing /).
# Keep a backup of your old config.yml.
engine:
  dir: "C:/Users/<you>/Desktop/Games/Native NNUE Chess/H/"
  name: "quirky_H.exe"
  working_dir: "C:/Users/<you>/Desktop/Games/Native NNUE Chess/H/"
  protocol: "uci"
  ponder: true                     # think on the opponent's time (+107 Elo in tests); the book is not used while pondering
  uci_options:
    Threads: 8
    Hash: 512
    EvalFile: "L1024T_lc0.nnue"     # NEW in H: Leela-trained net, 16 king buckets, 1024 wide, threat inputs (+34 vs W512_sf)
    # --- Cerebellum opening book (same as G) ---
    BookFile: "Cerebellum3Merge.bin"  # download separately (see README.md), put it next to the exe
    UseBook: 1
    BookBest: 1                    # always play the book's best move (weight 255), not a weighted random one
    BookDepth: 255                 # use the book for as long as the position is in it (E stopped after 20 plies)
    # --- features (all accepted by SPRT, same as E/G) ---
    UseFinny: 1                    # accumulator refresh cache (speed, exact)
    UseLazyAcc: 1                  # lazy accumulator updates (speed, exact)
    UseContHist: 1                 # continuation history (+26)
    UseCaptHist: 1                 # capture history (+8)
    UseTM: 1                       # time management (+55)
    UseSingular: 1                 # singular extensions (+22)
    SingMargin: 3
    UseCorr2: 1                    # correction history v2 (+24)
    UseDblExt: 1                   # double singular extensions (+21)
    UseNodeTM: 1                   # time by node share of the best move (+15)
    UseAspFH: 1                    # aspiration fail-high re-search 1 ply shallower (+11)
    UseDeeper: 1                   # LMR re-search deeper/shallower (+12)
    # --- H1: search constants re-tuned by SPSA for the Leela net + H switches (2 x 26k games, 4+0.04) ---
    # +58.6 +- 17.9 Elo vs H at 5+0.05, 850 games, SPRT [0,5] passed
    RfpDepth:     8  # new
    RfpMargin:    61  # was 81
    RfpImp:       30  # was 24
    NmpBase:      4  # new
    NmpDiv:       2  # new
    NmpEvalDiv:   199  # was 196
    LmpBase:      6  # was 4
    FutBase:      98  # was 99
    FutMul:       122  # was 114
    SeeQuiet:     24  # was 26
    SeeNoisy:     93  # was 99
    HistDiv:      5912  # was 5715
    LmrBase:      86  # was 85
    LmrDiv:       197  # was 206
    AspDelta:     20  # was 17
    QsFut:        209  # new
    DblMargin:    21  # new
    DeeperMargin: 41  # new
    Corr2W:       273  # new
    Corr2P:       94  # new
    Corr2N:       55  # new
    Cont1W:       99  # new
    Cont2W:       104  # new
    Cont4W:       53  # new
    Cont6W:       51  # new
    PawnHistW:    103  # new
    HsRed:        3  # new
    HsWorsen:     1  # new
    HsMargin:     207  # new
    # --- NEW in H, provisional: each one positive in a rough test on this net (about 210 games each, +-30 Elo,
    #     so none is proven yet). Their combination has not been tested. Set any of them to 0 to switch it off. ---
    UseThreatHist: 1               # history indexed by whether from/to squares are attacked (+17 here, +4.7 on W512_sf)
    UseCuckoo: 1                   # upcoming-repetition detection (+33 here, +3.9 on W512_sf)
    UseCont6: 1                    # continuation history also at plies 4 and 6 (+15)
    UsePawnHist: 1                 # history indexed by the pawn structure (+22)
    UseHindsight: 1                # depth adjustment from the parent's reduction and eval trend (+8)
    UseTtBlend: 1                  # TT cutoff returns a blend of TT score and beta (+20, tested together with QsBlend)
    UseQsBlend: 1                  # same blend for quiescence fail-highs
    # --- NEW in H: flag mode, a practical rule for games without increment (1+0, 3+0). NOT tested in games. ---
    # When neither side has an increment, the opponent has < 30 s and we have >= 1.3x their time, the engine scores
    # a draw as -50 cp for itself: it avoids threefold repetition (and other draws) unless it is clearly worse,
    # so the game goes on and the opponent may flag. Prints "info string flag mode ..." when it is on.
    UseFlag: 1
    FlagNoInc: 1                   # only in games with 0 increment
    FlagOppMs: 30000               # opponent below 30 s
    FlagRatio: 130                 # our clock >= 130% of theirs
    FlagContempt: 50               # a draw counts as -50 cp for us
    FlagTimePct: 100               # 100 = do not change our own thinking time (lower = move faster in flag mode)

# Unchanged from E (keep what you have in config.yml):
# - online tablebases, under engine: -> online_moves: -> online_egtb:
#     enabled: true
#     max_pieces: 7
#     source: "lichess"
#     move_quality: "best"
# - lichess-bot's own polyglot book stays "enabled: false" (the engine reads Cerebellum itself).
